
Microsoft Visual Studio Solution File, Format Version 12.00
# Visual Studio Version 17
VisualStudioVersion = 17.4.33213.308
MinimumVisualStudioVersion = 10.0.40219.1
Project("{9A19103F-16F7-4668-BE54-9A1E7A4F7556}") = "GUI", "GUI.csproj", "{026B568E-342D-4D1A-AC70-4C4AB0BDB18D}"
EndProject
Project("{FAE04EC0-301F-11D3-BF4B-00C04F79EFBC}") = "BLL", "..\BLL\BLL.csproj", "{84A8ED12-3C5F-4435-97F2-01F584C3CFA8}"
EndProject
Project("{FAE04EC0-301F-11D3-BF4B-00C04F79EFBC}") = "DTO", "..\DTO\DTO.csproj", "{CC8E2119-89E7-4586-8E2D-EBCE303E3FAF}"
EndProject
Project("{FAE04EC0-301F-11D3-BF4B-00C04F79EFBC}") = "DAL", "..\DAL2\DAL.csproj", "{AA0784E3-7639-4D34-A554-F5AFD974E2B2}"
EndProject
Global
	GlobalSection(SolutionConfigurationPlatforms) = preSolution
		Debug|Any CPU = Debug|Any CPU
		Release|Any CPU = Release|Any CPU
	EndGlobalSection
	GlobalSection(ProjectConfigurationPlatforms) = postSolution
		{026B568E-342D-4D1A-AC70-4C4AB0BDB18D}.Debug|Any CPU.ActiveCfg = Debug|Any CPU
		{026B568E-342D-4D1A-AC70-4C4AB0BDB18D}.Debug|Any CPU.Build.0 = Debug|Any CPU
		{026B568E-342D-4D1A-AC70-4C4AB0BDB18D}.Release|Any CPU.ActiveCfg = Release|Any CPU
		{026B568E-342D-4D1A-AC70-4C4AB0BDB18D}.Release|Any CPU.Build.0 = Release|Any CPU
		{84A8ED12-3C5F-4435-97F2-01F584C3CFA8}.Debug|Any CPU.ActiveCfg = Debug|Any CPU
		{84A8ED12-3C5F-4435-97F2-01F584C3CFA8}.Debug|Any CPU.Build.0 = Debug|Any CPU
		{84A8ED12-3C5F-4435-97F2-01F584C3CFA8}.Release|Any CPU.ActiveCfg = Release|Any CPU
		{84A8ED12-3C5F-4435-97F2-01F584C3CFA8}.Release|Any CPU.Build.0 = Release|Any CPU
		{CC8E2119-89E7-4586-8E2D-EBCE303E3FAF}.Debug|Any CPU.ActiveCfg = Debug|Any CPU
		{CC8E2119-89E7-4586-8E2D-EBCE303E3FAF}.Debug|Any CPU.Build.0 = Debug|Any CPU
		{CC8E2119-89E7-4586-8E2D-EBCE303E3FAF}.Release|Any CPU.ActiveCfg = Release|Any CPU
		{CC8E2119-89E7-4586-8E2D-EBCE303E3FAF}.Release|Any CPU.Build.0 = Release|Any CPU
		{AA0784E3-7639-4D34-A554-F5AFD974E2B2}.Debug|Any CPU.ActiveCfg = Debug|Any CPU
		{AA0784E3-7639-4D34-A554-F5AFD974E2B2}.Debug|Any CPU.Build.0 = Debug|Any CPU
		{AA0784E3-7639-4D34-A554-F5AFD974E2B2}.Release|Any CPU.ActiveCfg = Release|Any CPU
		{AA0784E3-7639-4D34-A554-F5AFD974E2B2}.Release|Any CPU.Build.0 = Release|Any CPU
	EndGlobalSection
	GlobalSection(SolutionProperties) = preSolution
		HideSolutionNode = FALSE
	EndGlobalSection
	GlobalSection(ExtensibilityGlobals) = postSolution
		SolutionGuid = {9D7F7DA4-6BF3-401F-BD2B-76D9B930E79D}
	EndGlobalSection
EndGlobal
